// !$*UTF8*$!
{
	archiveVersion = 1;
	classes = {
	};
	objectVersion = 50;
	objects = {

/* Begin PBXBuildFile section */
		96575EB723187CF8005B5944 /* AppDelegate.swift in Sources */ = {isa = PBXBuildFile; fileRef = 96575EB623187CF8005B5944 /* AppDelegate.swift */; };
		96575EB923187CF8005B5944 /* GameVC.swift in Sources */ = {isa = PBXBuildFile; fileRef = 96575EB823187CF8005B5944 /* GameVC.swift */; };
		96575EBC23187CF8005B5944 /* Main.storyboard in Resources */ = {isa = PBXBuildFile; fileRef = 96575EBA23187CF8005B5944 /* Main.storyboard */; };
		96575EBE23187CF9005B5944 /* Assets.xcassets in Resources */ = {isa = PBXBuildFile; fileRef = 96575EBD23187CF9005B5944 /* Assets.xcassets */; };
		96575EC123187CF9005B5944 /* LaunchScreen.storyboard in Resources */ = {isa = PBXBuildFile; fileRef = 96575EBF23187CF9005B5944 /* LaunchScreen.storyboard */; };
		96575ECC23187CF9005B5944 /* NotChessTests.swift in Sources */ = {isa = PBXBuildFile; fileRef = 96575ECB23187CF9005B5944 /* NotChessTests.swift */; };
		96575ED723187CF9005B5944 /* NotChessUITests.swift in Sources */ = {isa = PBXBuildFile; fileRef = 96575ED623187CF9005B5944 /* NotChessUITests.swift */; };
		96A1BD9723188DCA00E94B02 /* Piece.swift in Sources */ = {isa = PBXBuildFile; fileRef = 96A1BD9623188DCA00E94B02 /* Piece.swift */; };
/* End PBXBuildFile section */

/* Begin PBXContainerItemProxy section */
		96575EC823187CF9005B5944 /* PBXContainerItemProxy */ = {
			isa = PBXContainerItemProxy;
			containerPortal = 96575EAB23187CF8005B5944 /* Project object */;
			proxyType = 1;
			remoteGlobalIDString = 96575EB223187CF8005B5944;
			remoteInfo = NotChess;
		};
		96575ED323187CF9005B5944 /* PBXContainerItemProxy */ = {
			isa = PBXContainerItemProxy;
			containerPortal = 96575EAB23187CF8005B5944 /* Project object */;
			proxyType = 1;
			remoteGlobalIDString = 96575EB223187CF8005B5944;
			remoteInfo = NotChess;
		};
/* End PBXContainerItemProxy section */

/* Begin PBXFileReference section */
		96575EB323187CF8005B5944 /* NotChess.app */ = {isa = PBXFileReference; explicitFileType = wrapper.application; includeInIndex = 0; path = NotChess.app; sourceTree = BUILT_PRODUCTS_DIR; };
		96575EB623187CF8005B5944 /* AppDelegate.swift */ = {isa = PBXFileReference; lastKnownFileType = sourcecode.swift; path = AppDelegate.swift; sourceTree = "<group>"; };
		96575EB823187CF8005B5944 /* GameVC.swift */ = {isa = PBXFileReference; lastKnownFileType = sourcecode.swift; path = GameVC.swift; sourceTree = "<group>"; };
		96575EBB23187CF8005B5944 /* Base */ = {isa = PBXFileReference; lastKnownFileType = file.storyboard; name = Base; path = Base.lproj/Main.storyboard; sourceTree = "<group>"; };
		96575EBD23187CF9005B5944 /* Assets.xcassets */ = {isa = PBXFileReference; lastKnownFileType = folder.assetcatalog; path = Assets.xcassets; sourceTree = "<group>"; };
		96575EC023187CF9005B5944 /* Base */ = {isa = PBXFileReference; lastKnownFileType = file.storyboard; name = Base; path = Base.lproj/LaunchScreen.storyboard; sourceTree = "<group>"; };
		96575EC223187CF9005B5944 /* Info.plist */ = {isa = PBXFileReference; lastKnownFileType = text.plist.xml; path = Info.plist; sourceTree = "<group>"; };
		96575EC723187CF9005B5944 /* NotChessTests.xctest */ = {isa = PBXFileReference; explicitFileType = wrapper.cfbundle; includeInIndex = 0; path = NotChessTests.xctest; sourceTree = BUILT_PRODUCTS_DIR; };
		96575ECB23187CF9005B5944 /* NotChessTests.swift */ = {isa = PBXFileReference; lastKnownFileType = sourcecode.swift; path = NotChessTests.swift; sourceTree = "<group>"; };
		96575ECD23187CF9005B5944 /* Info.plist */ = {isa = PBXFileReference; lastKnownFileType = text.plist.xml; path = Info.plist; sourceTree = "<group>"; };
		96575ED223187CF9005B5944 /* NotChessUITests.xctest */ = {isa = PBXFileReference; explicitFileType = wrapper.cfbundle; includeInIndex = 0; path = NotChessUITests.xctest; sourceTree = BUILT_PRODUCTS_DIR; };
		96575ED623187CF9005B5944 /* NotChessUITests.swift */ = {isa = PBXFileReference; lastKnownFileType = sourcecode.swift; path = NotChessUITests.swift; sourceTree = "<group>"; };
		96575ED823187CF9005B5944 /* Info.plist */ = {isa = PBXFileReference; lastKnownFileType = text.plist.xml; path = Info.plist; sourceTree = "<group>"; };
		96A1BD9623188DCA00E94B02 /* Piece.swift */ = {isa = PBXFileReference; lastKnownFileType = sourcecode.swift; path = Piece.swift; sourceTree = "<group>"; };
/* End PBXFileReference section */

/* Begin PBXFrameworksBuildPhase section */
		96575EB023187CF8005B5944 /* Frameworks */ = {
			isa = PBXFrameworksBuildPhase;
			buildActionMask = 2147483647;
			files = (
			);
			runOnlyForDeploymentPostprocessing = 0;
		};
		96575EC423187CF9005B5944 /* Frameworks */ = {
			isa = PBXFrameworksBuildPhase;
			buildActionMask = 2147483647;
			files = (
			);
			runOnlyForDeploymentPostprocessing = 0;
		};
		96575ECF23187CF9005B5944 /* Frameworks */ = {
			isa = PBXFrameworksBuildPhase;
			buildActionMask = 2147483647;
			files = (
			);
			runOnlyForDeploymentPostprocessing = 0;
		};
/* End PBXFrameworksBuildPhase section */

/* Begin PBXGroup section */
		96575EAA23187CF8005B5944 = {
			isa = PBXGroup;
			children = (
				96575EB523187CF8005B5944 /* NotChess */,
				96575ECA23187CF9005B5944 /* NotChessTests */,
				96575ED523187CF9005B5944 /* NotChessUITests */,
				96575EB423187CF8005B5944 /* Products */,
			);
			sourceTree = "<group>";
		};
		96575EB423187CF8005B5944 /* Products */ = {
			isa = PBXGroup;
			children = (
				96575EB323187CF8005B5944 /* NotChess.app */,
				96575EC723187CF9005B5944 /* NotChessTests.xctest */,
				96575ED223187CF9005B5944 /* NotChessUITests.xctest */,
			);
			name = Products;
			sourceTree = "<group>";
		};
		96575EB523187CF8005B5944 /* NotChess */ = {
			isa = PBXGroup;
			children = (
				96575EB623187CF8005B5944 /* AppDelegate.swift */,
				96575EB823187CF8005B5944 /* GameVC.swift */,
				96575EBA23187CF8005B5944 /* Main.storyboard */,
				96575EBD23187CF9005B5944 /* Assets.xcassets */,
				96575EBF23187CF9005B5944 /* LaunchScreen.storyboard */,
				96575EC223187CF9005B5944 /* Info.plist */,
				96A1BD9623188DCA00E94B02 /* Piece.swift */,
			);
			path = NotChess;
			sourceTree = "<group>";
		};
		96575ECA23187CF9005B5944 /* NotChessTests */ = {
			isa = PBXGroup;
			children = (
				96575ECB23187CF9005B5944 /* NotChessTests.swift */,
				96575ECD23187CF9005B5944 /* Info.plist */,
			);
			path = NotChessTests;
			sourceTree = "<group>";
		};
		96575ED523187CF9005B5944 /* NotChessUITests */ = {
			isa = PBXGroup;
			children = (
				96575ED623187CF9005B5944 /* NotChessUITests.swift */,
				96575ED823187CF9005B5944 /* Info.plist */,
			);
			path = NotChessUITests;
			sourceTree = "<group>";
		};
/* End PBXGroup section */

/* Begin PBXNativeTarget section */
		96575EB223187CF8005B5944 /* NotChess */ = {
			isa = PBXNativeTarget;
			buildConfigurationList = 96575EDB23187CF9005B5944 /* Build configuration list for PBXNativeTarget "NotChess" */;
			buildPhases = (
				96575EAF23187CF8005B5944 /* Sources */,
				96575EB023187CF8005B5944 /* Frameworks */,
				96575EB123187CF8005B5944 /* Resources */,
			);
			buildRules = (
			);
			dependencies = (
			);
			name = NotChess;
			productName = NotChess;
			productReference = 96575EB323187CF8005B5944 /* NotChess.app */;
			productType = "com.apple.product-type.application";
		};
		96575EC623187CF9005B5944 /* NotChessTests */ = {
			isa = PBXNativeTarget;
			buildConfigurationList = 96575EDE23187CF9005B5944 /* Build configuration list for PBXNativeTarget "NotChessTests" */;
			buildPhases = (
				96575EC323187CF9005B5944 /* Sources */,
				96575EC423187CF9005B5944 /* Frameworks */,
				96575EC523187CF9005B5944 /* Resources */,
			);
			buildRules = (
			);
			dependencies = (
				96575EC923187CF9005B5944 /* PBXTargetDependency */,
			);
			name = NotChessTests;
			productName = NotChessTests;
			productReference = 96575EC723187CF9005B5944 /* NotChessTests.xctest */;
			productType = "com.apple.product-type.bundle.unit-test";
		};
		96575ED123187CF9005B5944 /* NotChessUITests */ = {
			isa = PBXNativeTarget;
			buildConfigurationList = 96575EE123187CF9005B5944 /* Build configuration list for PBXNativeTarget "NotChessUITests" */;
			buildPhases = (
				96575ECE23187CF9005B5944 /* Sources */,
				96575ECF23187CF9005B5944 /* Frameworks */,
				96575ED023187CF9005B5944 /* Resources */,
			);
			buildRules = (
			);
			dependencies = (
				96575ED423187CF9005B5944 /* PBXTargetDependency */,
			);
			name = NotChessUITests;
			productName = NotChessUITests;
			productReference = 96575ED223187CF9005B5944 /* NotChessUITests.xctest */;
			productType = "com.apple.product-type.bundle.ui-testing";
		};
/* End PBXNativeTarget section */

/* Begin PBXProject section */
		96575EAB23187CF8005B5944 /* Project object */ = {
			isa = PBXProject;
			attributes = {
				LastSwiftUpdateCheck = 1020;
				LastUpgradeCheck = 1020;
				ORGANIZATIONNAME = JasonApplication;
				TargetAttributes = {
					96575EB223187CF8005B5944 = {
						CreatedOnToolsVersion = 10.2.1;
					};
					96575EC623187CF9005B5944 = {
						CreatedOnToolsVersion = 10.2.1;
						TestTargetID = 96575EB223187CF8005B5944;
					};
					96575ED123187CF9005B5944 = {
						CreatedOnToolsVersion = 10.2.1;
						TestTargetID = 96575EB223187CF8005B5944;
					};
				};
			};
			buildConfigurationList = 96575EAE23187CF8005B5944 /* Build configuration list for PBXProject "NotChess" */;
			compatibilityVersion = "Xcode 9.3";
			developmentRegion = en;
			hasScannedForEncodings = 0;
			knownRegions = (
				en,
				Base,
			);
			mainGroup = 96575EAA23187CF8005B5944;
			productRefGroup = 96575EB423187CF8005B5944 /* Products */;
			projectDirPath = "";
			projectRoot = "";
			targets = (
				96575EB223187CF8005B5944 /* NotChess */,
				96575EC623187CF9005B5944 /* NotChessTests */,
				96575ED123187CF9005B5944 /* NotChessUITests */,
			);
		};
/* End PBXProject section */

/* Begin PBXResourcesBuildPhase section */
		96575EB123187CF8005B5944 /* Resources */ = {
			isa = PBXResourcesBuildPhase;
			buildActionMask = 2147483647;
			files = (
				96575EC123187CF9005B5944 /* LaunchScreen.storyboard in Resources */,
				96575EBE23187CF9005B5944 /* Assets.xcassets in Resources */,
				96575EBC23187CF8005B5944 /* Main.storyboard in Resources */,
			);
			runOnlyForDeploymentPostprocessing = 0;
		};
		96575EC523187CF9005B5944 /* Resources */ = {
			isa = PBXResourcesBuildPhase;
			buildActionMask = 2147483647;
			files = (
			);
			runOnlyForDeploymentPostprocessing = 0;
		};
		96575ED023187CF9005B5944 /* Resources */ = {
			isa = PBXResourcesBuildPhase;
			buildActionMask = 2147483647;
			files = (
			);
			runOnlyForDeploymentPostprocessing = 0;
		};
/* End PBXResourcesBuildPhase section */

/* Begin PBXSourcesBuildPhase section */
		96575EAF23187CF8005B5944 /* Sources */ = {
			isa = PBXSourcesBuildPhase;
			buildActionMask = 2147483647;
			files = (
				96575EB923187CF8005B5944 /* GameVC.swift in Sources */,
				96575EB723187CF8005B5944 /* AppDelegate.swift in Sources */,
				96A1BD9723188DCA00E94B02 /* Piece.swift in Sources */,
			);
			runOnlyForDeploymentPostprocessing = 0;
		};
		96575EC323187CF9005B5944 /* Sources */ = {
			isa = PBXSourcesBuildPhase;
			buildActionMask = 2147483647;
			files = (
				96575ECC23187CF9005B5944 /* NotChessTests.swift in Sources */,
			);
			runOnlyForDeploymentPostprocessing = 0;
		};
		96575ECE23187CF9005B5944 /* Sources */ = {
			isa = PBXSourcesBuildPhase;
			buildActionMask = 2147483647;
			files = (
				96575ED723187CF9005B5944 /* NotChessUITests.swift in Sources */,
			);
			runOnlyForDeploymentPostprocessing = 0;
		};
/* End PBXSourcesBuildPhase section */

/* Begin PBXTargetDependency section */
		96575EC923187CF9005B5944 /* PBXTargetDependency */ = {
			isa = PBXTargetDependency;
			target = 96575EB223187CF8005B5944 /* NotChess */;
			targetProxy = 96575EC823187CF9005B5944 /* PBXContainerItemProxy */;
		};
		96575ED423187CF9005B5944 /* PBXTargetDependency */ = {
			isa = PBXTargetDependency;
			target = 96575EB223187CF8005B5944 /* NotChess */;
			targetProxy = 96575ED323187CF9005B5944 /* PBXContainerItemProxy */;
		};
/* End PBXTargetDependency section */

/* Begin PBXVariantGroup section */
		96575EBA23187CF8005B5944 /* Main.storyboard */ = {
			isa = PBXVariantGroup;
			children = (
				96575EBB23187CF8005B5944 /* Base */,
			);
			name = Main.storyboard;
			sourceTree = "<group>";
		};
		96575EBF23187CF9005B5944 /* LaunchScreen.storyboard */ = {
			isa = PBXVariantGroup;
			children = (
				96575EC023187CF9005B5944 /* Base */,
			);
			name = LaunchScreen.storyboard;
			sourceTree = "<group>";
		};
/* End PBXVariantGroup section */

/* Begin XCBuildConfiguration section */
		96575ED923187CF9005B5944 /* Debug */ = {
			isa = XCBuildConfiguration;
			buildSettings = {
				ALWAYS_SEARCH_USER_PATHS = NO;
				CLANG_ANALYZER_NONNULL = YES;
				CLANG_ANALYZER_NUMBER_OBJECT_CONVERSION = YES_AGGRESSIVE;
				CLANG_CXX_LANGUAGE_STANDARD = "gnu++14";
				CLANG_CXX_LIBRARY = "libc++";
				CLANG_ENABLE_MODULES = YES;
				CLANG_ENABLE_OBJC_ARC = YES;
				CLANG_ENABLE_OBJC_WEAK = YES;
				CLANG_WARN_BLOCK_CAPTURE_AUTORELEASING = YES;
				CLANG_WARN_BOOL_CONVERSION = YES;
				CLANG_WARN_COMMA = YES;
				CLANG_WARN_CONSTANT_CONVERSION = YES;
				CLANG_WARN_DEPRECATED_OBJC_IMPLEMENTATIONS = YES;
				CLANG_WARN_DIRECT_OBJC_ISA_USAGE = YES_ERROR;
				CLANG_WARN_DOCUMENTATION_COMMENTS = YES;
				CLANG_WARN_EMPTY_BODY = YES;
				CLANG_WARN_ENUM_CONVERSION = YES;
				CLANG_WARN_INFINITE_RECURSION = YES;
				CLANG_WARN_INT_CONVERSION = YES;
				CLANG_WARN_NON_LITERAL_NULL_CONVERSION = YES;
				CLANG_WARN_OBJC_IMPLICIT_RETAIN_SELF = YES;
				CLANG_WARN_OBJC_LITERAL_CONVERSION = YES;
				CLANG_WARN_OBJC_ROOT_CLASS = YES_ERROR;
				CLANG_WARN_RANGE_LOOP_ANALYSIS = YES;
				CLANG_WARN_STRICT_PROTOTYPES = YES;
				CLANG_WARN_SUSPICIOUS_MOVE = YES;
				CLANG_WARN_UNGUARDED_AVAILABILITY = YES_AGGRESSIVE;
				CLANG_WARN_UNREACHABLE_CODE = YES;
				CLANG_WARN__DUPLICATE_METHOD_MATCH = YES;
				CODE_SIGN_IDENTITY = "iPhone Developer";
				COPY_PHASE_STRIP = NO;
				DEBUG_INFORMATION_FORMAT = dwarf;
				ENABLE_STRICT_OBJC_MSGSEND = YES;
				ENABLE_TESTABILITY = YES;
				GCC_C_LANGUAGE_STANDARD = gnu11;
				GCC_DYNAMIC_NO_PIC = NO;
				GCC_NO_COMMON_BLOCKS = YES;
				GCC_OPTIMIZATION_LEVEL = 0;
				GCC_PREPROCESSOR_DEFINITIONS = (
					"DEBUG=1",
					"$(inherited)",
				);
				GCC_WARN_64_TO_32_BIT_CONVERSION = YES;
				GCC_WARN_ABOUT_RETURN_TYPE = YES_ERROR;
				GCC_WARN_UNDECLARED_SELECTOR = YES;
				GCC_WARN_UNINITIALIZED_AUTOS = YES_AGGRESSIVE;
				GCC_WARN_UNUSED_FUNCTION = YES;
				GCC_WARN_UNUSED_VARIABLE = YES;
				IPHONEOS_DEPLOYMENT_TARGET = 12.2;
				MTL_ENABLE_DEBUG_INFO = INCLUDE_SOURCE;
				MTL_FAST_MATH = YES;
				ONLY_ACTIVE_ARCH = YES;
				SDKROOT = iphoneos;
				SWIFT_ACTIVE_COMPILATION_CONDITIONS = DEBUG;
				SWIFT_OPTIMIZATION_LEVEL = "-Onone";
			};
			name = Debug;
		};
		96575EDA23187CF9005B5944 /* Release */ = {
			isa = XCBuildConfiguration;
			buildSettings = {
				ALWAYS_SEARCH_USER_PATHS = NO;
				CLANG_ANALYZER_NONNULL = YES;
				CLANG_ANALYZER_NUMBER_OBJECT_CONVERSION = YES_AGGRESSIVE;
				CLANG_CXX_LANGUAGE_STANDARD = "gnu++14";
				CLANG_CXX_LIBRARY = "libc++";
				CLANG_ENABLE_MODULES = YES;
				CLANG_ENABLE_OBJC_ARC = YES;
				CLANG_ENABLE_OBJC_WEAK = YES;
				CLANG_WARN_BLOCK_CAPTURE_AUTORELEASING = YES;
				CLANG_WARN_BOOL_CONVERSION = YES;
				CLANG_WARN_COMMA = YES;
				CLANG_WARN_CONSTANT_CONVERSION = YES;
				CLANG_WARN_DEPRECATED_OBJC_IMPLEMENTATIONS = YES;
				CLANG_WARN_DIRECT_OBJC_ISA_USAGE = YES_ERROR;
				CLANG_WARN_DOCUMENTATION_COMMENTS = YES;
				CLANG_WARN_EMPTY_BODY = YES;
				CLANG_WARN_ENUM_CONVERSION = YES;
				CLANG_WARN_INFINITE_RECURSION = YES;
				CLANG_WARN_INT_CONVERSION = YES;
				CLANG_WARN_NON_LITERAL_NULL_CONVERSION = YES;
				CLANG_WARN_OBJC_IMPLICIT_RETAIN_SELF = YES;
				CLANG_WARN_OBJC_LITERAL_CONVERSION = YES;
				CLANG_WARN_OBJC_ROOT_CLASS = YES_ERROR;
				CLANG_WARN_RANGE_LOOP_ANALYSIS = YES;
				CLANG_WARN_STRICT_PROTOTYPES = YES;
				CLANG_WARN_SUSPICIOUS_MOVE = YES;
				CLANG_WARN_UNGUARDED_AVAILABILITY = YES_AGGRESSIVE;
				CLANG_WARN_UNREACHABLE_CODE = YES;
				CLANG_WARN__DUPLICATE_METHOD_MATCH = YES;
				CODE_SIGN_IDENTITY = "iPhone Developer";
				COPY_PHASE_STRIP = NO;
				DEBUG_INFORMATION_FORMAT = "dwarf-with-dsym";
				ENABLE_NS_ASSERTIONS = NO;
				ENABLE_STRICT_OBJC_MSGSEND = YES;
				GCC_C_LANGUAGE_STANDARD = gnu11;
				GCC_NO_COMMON_BLOCKS = YES;
				GCC_WARN_64_TO_32_BIT_CONVERSION = YES;
				GCC_WARN_ABOUT_RETURN_TYPE = YES_ERROR;
				GCC_WARN_UNDECLARED_SELECTOR = YES;
				GCC_WARN_UNINITIALIZED_AUTOS = YES_AGGRESSIVE;
				GCC_WARN_UNUSED_FUNCTION = YES;
				GCC_WARN_UNUSED_VARIABLE = YES;
				IPHONEOS_DEPLOYMENT_TARGET = 12.2;
				MTL_ENABLE_DEBUG_INFO = NO;
				MTL_FAST_MATH = YES;
				SDKROOT = iphoneos;
				SWIFT_COMPILATION_MODE = wholemodule;
				SWIFT_OPTIMIZATION_LEVEL = "-O";
				VALIDATE_PRODUCT = YES;
			};
			name = Release;
		};
		96575EDC23187CF9005B5944 /* Debug */ = {
			isa = XCBuildConfiguration;
			buildSettings = {
				ASSETCATALOG_COMPILER_APPICON_NAME = AppIcon;
				CODE_SIGN_STYLE = Automatic;
				DEVELOPMENT_TEAM = Q5S4793529;
				INFOPLIST_FILE = NotChess/Info.plist;
				LD_RUNPATH_SEARCH_PATHS = (
					"$(inherited)",
					"@executable_path/Frameworks",
				);
				PRODUCT_BUNDLE_IDENTIFIER = com.JasonApplication.NotChess;
				PRODUCT_NAME = "$(TARGET_NAME)";
				SWIFT_VERSION = 5.0;
				TARGETED_DEVICE_FAMILY = "1,2";
			};
			name = Debug;
		};
		96575EDD23187CF9005B5944 /* Release */ = {
			isa = XCBuildConfiguration;
			buildSettings = {
				ASSETCATALOG_COMPILER_APPICON_NAME = AppIcon;
				CODE_SIGN_STYLE = Automatic;
				DEVELOPMENT_TEAM = Q5S4793529;
				INFOPLIST_FILE = NotChess/Info.plist;
				LD_RUNPATH_SEARCH_PATHS = (
					"$(inherited)",
					"@executable_path/Frameworks",
				);
				PRODUCT_BUNDLE_IDENTIFIER = com.JasonApplication.NotChess;
				PRODUCT_NAME = "$(TARGET_NAME)";
				SWIFT_VERSION = 5.0;
				TARGETED_DEVICE_FAMILY = "1,2";
			};
			name = Release;
		};
		96575EDF23187CF9005B5944 /* Debug */ = {
			isa = XCBuildConfiguration;
			buildSettings = {
				ALWAYS_EMBED_SWIFT_STANDARD_LIBRARIES = YES;
				BUNDLE_LOADER = "$(TEST_HOST)";
				CODE_SIGN_STYLE = Automatic;
				DEVELOPMENT_TEAM = Q5S4793529;
				INFOPLIST_FILE = NotChessTests/Info.plist;
				LD_RUNPATH_SEARCH_PATHS = (
					"$(inherited)",
					"@executable_path/Frameworks",
					"@loader_path/Frameworks",
				);
				PRODUCT_BUNDLE_IDENTIFIER = com.JasonApplication.NotChessTests;
				PRODUCT_NAME = "$(TARGET_NAME)";
				SWIFT_VERSION = 5.0;
				TARGETED_DEVICE_FAMILY = "1,2";
				TEST_HOST = "$(BUILT_PRODUCTS_DIR)/NotChess.app/NotChess";
			};
			name = Debug;
		};
		96575EE023187CF9005B5944 /* Release */ = {
			isa = XCBuildConfiguration;
			buildSettings = {
				ALWAYS_EMBED_SWIFT_STANDARD_LIBRARIES = YES;
				BUNDLE_LOADER = "$(TEST_HOST)";
				CODE_SIGN_STYLE = Automatic;
				DEVELOPMENT_TEAM = Q5S4793529;
				INFOPLIST_FILE = NotChessTests/Info.plist;
				LD_RUNPATH_SEARCH_PATHS = (
					"$(inherited)",
					"@executable_path/Frameworks",
					"@loader_path/Frameworks",
				);
				PRODUCT_BUNDLE_IDENTIFIER = com.JasonApplication.NotChessTests;
				PRODUCT_NAME = "$(TARGET_NAME)";
				SWIFT_VERSION = 5.0;
				TARGETED_DEVICE_FAMILY = "1,2";
				TEST_HOST = "$(BUILT_PRODUCTS_DIR)/NotChess.app/NotChess";
			};
			name = Release;
		};
		96575EE223187CF9005B5944 /* Debug */ = {
			isa = XCBuildConfiguration;
			buildSettings = {
				ALWAYS_EMBED_SWIFT_STANDARD_LIBRARIES = YES;
				CODE_SIGN_STYLE = Automatic;
				DEVELOPMENT_TEAM = Q5S4793529;
				INFOPLIST_FILE = NotChessUITests/Info.plist;
				LD_RUNPATH_SEARCH_PATHS = (
					"$(inherited)",
					"@executable_path/Frameworks",
					"@loader_path/Frameworks",
				);
				PRODUCT_BUNDLE_IDENTIFIER = com.JasonApplication.NotChessUITests;
				PRODUCT_NAME = "$(TARGET_NAME)";
				SWIFT_VERSION = 5.0;
				TARGETED_DEVICE_FAMILY = "1,2";
				TEST_TARGET_NAME = NotChess;
			};
			name = Debug;
		};
		96575EE323187CF9005B5944 /* Release */ = {
			isa = XCBuildConfiguration;
			buildSettings = {
				ALWAYS_EMBED_SWIFT_STANDARD_LIBRARIES = YES;
				CODE_SIGN_STYLE = Automatic;
				DEVELOPMENT_TEAM = Q5S4793529;
				INFOPLIST_FILE = NotChessUITests/Info.plist;
				LD_RUNPATH_SEARCH_PATHS = (
					"$(inherited)",
					"@executable_path/Frameworks",
					"@loader_path/Frameworks",
				);
				PRODUCT_BUNDLE_IDENTIFIER = com.JasonApplication.NotChessUITests;
				PRODUCT_NAME = "$(TARGET_NAME)";
				SWIFT_VERSION = 5.0;
				TARGETED_DEVICE_FAMILY = "1,2";
				TEST_TARGET_NAME = NotChess;
			};
			name = Release;
		};
/* End XCBuildConfiguration section */

/* Begin XCConfigurationList section */
		96575EAE23187CF8005B5944 /* Build configuration list for PBXProject "NotChess" */ = {
			isa = XCConfigurationList;
			buildConfigurations = (
				96575ED923187CF9005B5944 /* Debug */,
				96575EDA23187CF9005B5944 /* Release */,
			);
			defaultConfigurationIsVisible = 0;
			defaultConfigurationName = Release;
		};
		96575EDB23187CF9005B5944 /* Build configuration list for PBXNativeTarget "NotChess" */ = {
			isa = XCConfigurationList;
			buildConfigurations = (
				96575EDC23187CF9005B5944 /* Debug */,
				96575EDD23187CF9005B5944 /* Release */,
			);
			defaultConfigurationIsVisible = 0;
			defaultConfigurationName = Release;
		};
		96575EDE23187CF9005B5944 /* Build configuration list for PBXNativeTarget "NotChessTests" */ = {
			isa = XCConfigurationList;
			buildConfigurations = (
				96575EDF23187CF9005B5944 /* Debug */,
				96575EE023187CF9005B5944 /* Release */,
			);
			defaultConfigurationIsVisible = 0;
			defaultConfigurationName = Release;
		};
		96575EE123187CF9005B5944 /* Build configuration list for PBXNativeTarget "NotChessUITests" */ = {
			isa = XCConfigurationList;
			buildConfigurations = (
				96575EE223187CF9005B5944 /* Debug */,
				96575EE323187CF9005B5944 /* Release */,
			);
			defaultConfigurationIsVisible = 0;
			defaultConfigurationName = Release;
		};
/* End XCConfigurationList section */
	};
	rootObject = 96575EAB23187CF8005B5944 /* Project object */;
}
